PODS:
  - Mapbox-iOS-SDK (6.1.0):
    - MapboxMobileEvents (= 0.10.2)
  - MapboxMobileEvents (0.10.2)
  - MapboxSearch (1.0.0-beta.1):
    - MapboxMobileEvents (~> 0.10.0)
  - MapboxSearchUI (1.0.0-beta.1):
    - MapboxSearch (< 2.0, >= 1.0.0-beta)

DEPENDENCIES:
  - Mapbox-iOS-SDK
  - MapboxSearch (< 2.0, >= 1.0.0-beta)
  - MapboxSearchUI (< 2.0, >= 1.0.0-beta)

SPEC REPOS:
  trunk:
    - Mapbox-iOS-SDK
    - MapboxMobileEvents
    - MapboxSearch
    - MapboxSearchUI

SPEC CHECKSUMS:
  Mapbox-iOS-SDK: c2ad9880240884d3aff90660da64a5321cef91db
  MapboxMobileEvents: 2bc0ca2eedb627b73cf403258dce2b2fa98074a6
  MapboxSearch: c35761821af8eff487858d6511953e06d93210b9
  MapboxSearchUI: 743698b8b8d8ba74692255cef661687ef1e87de3

PODFILE CHECKSUM: 8e80f4e79162b63eae73355e04cd071903a5a016

COCOAPODS: 1.9.3
