PODS:
  - MapboxMobileEvents (0.10.4)
  - MapboxSearch (1.0.0-beta.2):
    - MapboxMobileEvents (~> 0.10.0)
  - MapboxSearchUI (1.0.0-beta.2):
    - MapboxSearch (< 2.0, >= 1.0.0-beta.2)

DEPENDENCIES:
  - MapboxSearchUI (< 2.0, >= 1.0.0-beta.1)

SPEC REPOS:
  trunk:
    - MapboxMobileEvents
    - MapboxSearch
    - MapboxSearchUI

SPEC CHECKSUMS:
  MapboxMobileEvents: 3dc72ea23e62d4afd64d3242f04686405b4a0e98
  MapboxSearch: 0498ebdd00def9e28a4e95aeb1cdee98c81ef23a
  MapboxSearchUI: 3d48a41679b4265df396b62b44061c8ffbb75545

PODFILE CHECKSUM: 58d6bcdeaaf3881d1a473b021f53cf4d8bb615ea

COCOAPODS: 1.9.3
