PODS:
  - MapboxCommon (9.0.2)
  - MapboxMobileEvents (0.10.8)
  - MapboxSearch (1.0.0-beta.4):
    - MapboxCommon (~> 9.0.0)
    - MapboxMobileEvents (~> 0.10.0)
  - MapboxSearchUI (1.0.0-beta.4):
    - MapboxSearch (< 2.0, >= 1.0.0-beta.4)

DEPENDENCIES:
  - MapboxSearch (< 2.0, >= 1.0.0-beta.1)
  - MapboxSearchUI (< 2.0, >= 1.0.0-beta.1)

SPEC REPOS:
  trunk:
    - MapboxCommon
    - MapboxMobileEvents
    - MapboxSearch
    - MapboxSearchUI

SPEC CHECKSUMS:
  MapboxCommon: 1c856a49ca7e8acda99fee5f27ce2e7a05478a34
  MapboxMobileEvents: 36ff53b135aac486eed94b61f813c7967a0c2c6f
  MapboxSearch: f268063490ef583621daeb4e15de7ddc95bd4f67
  MapboxSearchUI: c4980f84b2b30f99aa80f38356b3e43381c2248c

PODFILE CHECKSUM: 64bf2e9da9c6cdd379a516310e57aa6c83ad1be8

COCOAPODS: 1.10.1
